
Microsoft Visual Studio Solution File, Format Version 12.00
# Visual Studio Version 17
VisualStudioVersion = 17.8.34408.163
MinimumVisualStudioVersion = 10.0.40219.1
Project("{FAE04EC0-301F-11D3-BF4B-00C04F79EFBC}") = "GesVehicules", "GesVehicules.csproj", "{7DC00C2F-5EEE-4F98-948A-036329551C39}"
EndProject
Global
	GlobalSection(SolutionConfigurationPlatforms) = preSolution
		Debug|Any CPU = Debug|Any CPU
		Release|Any CPU = Release|Any CPU
	EndGlobalSection
	GlobalSection(ProjectConfigurationPlatforms) = postSolution
		{7DC00C2F-5EEE-4F98-948A-036329551C39}.Debug|Any CPU.ActiveCfg = Debug|Any CPU
		{7DC00C2F-5EEE-4F98-948A-036329551C39}.Debug|Any CPU.Build.0 = Debug|Any CPU
		{7DC00C2F-5EEE-4F98-948A-036329551C39}.Release|Any CPU.ActiveCfg = Release|Any CPU
		{7DC00C2F-5EEE-4F98-948A-036329551C39}.Release|Any CPU.Build.0 = Release|Any CPU
	EndGlobalSection
	GlobalSection(SolutionProperties) = preSolution
		HideSolutionNode = FALSE
	EndGlobalSection
	GlobalSection(ExtensibilityGlobals) = postSolution
		SolutionGuid = {6C70DC61-FED2-4818-9B33-2E5308A7CF11}
	EndGlobalSection
EndGlobal
